
Microsoft Visual Studio Solution File, Format Version 12.00
# Visual Studio Version 16
VisualStudioVersion = 16.0.33027.164
MinimumVisualStudioVersion = 10.0.40219.1
Project("{8BC9CEB8-8B4A-11D0-8D11-00A0C91BC942}") = "Chuong_5", "Chuong_5\Chuong_5.vcxproj", "{0BEBD850-6FB8-4916-8237-15D0468E70D0}"
EndProject
Global
	GlobalSection(SolutionConfigurationPlatforms) = preSolution
		Debug|x64 = Debug|x64
		Debug|x86 = Debug|x86
		Release|x64 = Release|x64
		Release|x86 = Release|x86
	EndGlobalSection
	GlobalSection(ProjectConfigurationPlatforms) = postSolution
		{0BEBD850-6FB8-4916-8237-15D0468E70D0}.Debug|x64.ActiveCfg = Debug|x64
		{0BEBD850-6FB8-4916-8237-15D0468E70D0}.Debug|x64.Build.0 = Debug|x64
		{0BEBD850-6FB8-4916-8237-15D0468E70D0}.Debug|x86.ActiveCfg = Debug|Win32
		{0BEBD850-6FB8-4916-8237-15D0468E70D0}.Debug|x86.Build.0 = Debug|Win32
		{0BEBD850-6FB8-4916-8237-15D0468E70D0}.Release|x64.ActiveCfg = Release|x64
		{0BEBD850-6FB8-4916-8237-15D0468E70D0}.Release|x64.Build.0 = Release|x64
		{0BEBD850-6FB8-4916-8237-15D0468E70D0}.Release|x86.ActiveCfg = Release|Win32
		{0BEBD850-6FB8-4916-8237-15D0468E70D0}.Release|x86.Build.0 = Release|Win32
	EndGlobalSection
	GlobalSection(SolutionProperties) = preSolution
		HideSolutionNode = FALSE
	EndGlobalSection
	GlobalSection(ExtensibilityGlobals) = postSolution
		SolutionGuid = {6E7467B1-05FE-41A5-9683-66DE489C4DD7}
	EndGlobalSection
EndGlobal
