
Microsoft Visual Studio Solution File, Format Version 12.00
# Visual Studio Version 16
VisualStudioVersion = 16.0.33027.164
MinimumVisualStudioVersion = 10.0.40219.1
Project("{8BC9CEB8-8B4A-11D0-8D11-00A0C91BC942}") = "Mang1Chieu", "Mang1Chieu\Mang1Chieu.vcxproj", "{A1FF443A-CE18-4BC2-8DBB-63489DE8F7AA}"
EndProject
Project("{8BC9CEB8-8B4A-11D0-8D11-00A0C91BC942}") = "Mang1Chieu_OnTap", "Mang1Chieu_OnTap\Mang1Chieu_OnTap.vcxproj", "{012C91CC-6934-4018-A24C-6D4FED885F53}"
EndProject
Project("{8BC9CEB8-8B4A-11D0-8D11-00A0C91BC942}") = "Mang2Chieu", "Mang2Chieu\Mang2Chieu.vcxproj", "{95424032-3BD2-4C8D-8742-AA5CD5267283}"
EndProject
Project("{8BC9CEB8-8B4A-11D0-8D11-00A0C91BC942}") = "Mang2Chieu_OnTap", "Mang2Chieu_OnTap\Mang2Chieu_OnTap.vcxproj", "{C2A79853-5A06-4AB0-8C45-E989007900F2}"
EndProject
Project("{8BC9CEB8-8B4A-11D0-8D11-00A0C91BC942}") = "Chuoi", "Chuoi\Chuoi.vcxproj", "{057BE730-CF55-4FAB-AAE2-62B3A2A0AD29}"
EndProject
Project("{8BC9CEB8-8B4A-11D0-8D11-00A0C91BC942}") = "Chuoi_OnTap", "Chuoi_OnTap\Chuoi_OnTap.vcxproj", "{3C428DC0-7A3B-46FF-A42F-75934321E03A}"
EndProject
Project("{8BC9CEB8-8B4A-11D0-8D11-00A0C91BC942}") = "Struct", "Struct\Struct.vcxproj", "{2B12B6C4-F7E0-46D7-B77C-0816AE62005C}"
EndProject
Project("{8BC9CEB8-8B4A-11D0-8D11-00A0C91BC942}") = "Struct_OnTap", "Struct_onTap\Struct_onTap.vcxproj", "{EADD12A8-4FFA-4939-8785-057917AD83C4}"
EndProject
Project("{8BC9CEB8-8B4A-11D0-8D11-00A0C91BC942}") = "Chuong1", "Chuong1\Chuong1.vcxproj", "{7E38D700-0029-4B17-A893-8F8030EA6183}"
EndProject
Project("{8BC9CEB8-8B4A-11D0-8D11-00A0C91BC942}") = "Chuong2", "Chuong2\Chuong2.vcxproj", "{C4B3A478-6319-4C10-A4AA-CB8CAD68517B}"
EndProject
Project("{8BC9CEB8-8B4A-11D0-8D11-00A0C91BC942}") = "Chuong3", "Chuong3\Chuong3.vcxproj", "{CDE0B5E9-DF5B-417A-A1B8-B8FAC40CFC70}"
EndProject
Project("{8BC9CEB8-8B4A-11D0-8D11-00A0C91BC942}") = "Chuong4", "Chuong4\Chuong4.vcxproj", "{79862494-9478-4CEB-BA01-CFCEC56DF4DC}"
EndProject
Global
	GlobalSection(SolutionConfigurationPlatforms) = preSolution
		Debug|x64 = Debug|x64
		Debug|x86 = Debug|x86
		Release|x64 = Release|x64
		Release|x86 = Release|x86
	EndGlobalSection
	GlobalSection(ProjectConfigurationPlatforms) = postSolution
		{A1FF443A-CE18-4BC2-8DBB-63489DE8F7AA}.Debug|x64.ActiveCfg = Debug|x64
		{A1FF443A-CE18-4BC2-8DBB-63489DE8F7AA}.Debug|x64.Build.0 = Debug|x64
		{A1FF443A-CE18-4BC2-8DBB-63489DE8F7AA}.Debug|x86.ActiveCfg = Debug|Win32
		{A1FF443A-CE18-4BC2-8DBB-63489DE8F7AA}.Debug|x86.Build.0 = Debug|Win32
		{A1FF443A-CE18-4BC2-8DBB-63489DE8F7AA}.Release|x64.ActiveCfg = Release|x64
		{A1FF443A-CE18-4BC2-8DBB-63489DE8F7AA}.Release|x64.Build.0 = Release|x64
		{A1FF443A-CE18-4BC2-8DBB-63489DE8F7AA}.Release|x86.ActiveCfg = Release|Win32
		{A1FF443A-CE18-4BC2-8DBB-63489DE8F7AA}.Release|x86.Build.0 = Release|Win32
		{012C91CC-6934-4018-A24C-6D4FED885F53}.Debug|x64.ActiveCfg = Debug|x64
		{012C91CC-6934-4018-A24C-6D4FED885F53}.Debug|x64.Build.0 = Debug|x64
		{012C91CC-6934-4018-A24C-6D4FED885F53}.Debug|x86.ActiveCfg = Debug|Win32
		{012C91CC-6934-4018-A24C-6D4FED885F53}.Debug|x86.Build.0 = Debug|Win32
		{012C91CC-6934-4018-A24C-6D4FED885F53}.Release|x64.ActiveCfg = Release|x64
		{012C91CC-6934-4018-A24C-6D4FED885F53}.Release|x64.Build.0 = Release|x64
		{012C91CC-6934-4018-A24C-6D4FED885F53}.Release|x86.ActiveCfg = Release|Win32
		{012C91CC-6934-4018-A24C-6D4FED885F53}.Release|x86.Build.0 = Release|Win32
		{95424032-3BD2-4C8D-8742-AA5CD5267283}.Debug|x64.ActiveCfg = Debug|x64
		{95424032-3BD2-4C8D-8742-AA5CD5267283}.Debug|x64.Build.0 = Debug|x64
		{95424032-3BD2-4C8D-8742-AA5CD5267283}.Debug|x86.ActiveCfg = Debug|Win32
		{95424032-3BD2-4C8D-8742-AA5CD5267283}.Debug|x86.Build.0 = Debug|Win32
		{95424032-3BD2-4C8D-8742-AA5CD5267283}.Release|x64.ActiveCfg = Release|x64
		{95424032-3BD2-4C8D-8742-AA5CD5267283}.Release|x64.Build.0 = Release|x64
		{95424032-3BD2-4C8D-8742-AA5CD5267283}.Release|x86.ActiveCfg = Release|Win32
		{95424032-3BD2-4C8D-8742-AA5CD5267283}.Release|x86.Build.0 = Release|Win32
		{C2A79853-5A06-4AB0-8C45-E989007900F2}.Debug|x64.ActiveCfg = Debug|x64
		{C2A79853-5A06-4AB0-8C45-E989007900F2}.Debug|x64.Build.0 = Debug|x64
		{C2A79853-5A06-4AB0-8C45-E989007900F2}.Debug|x86.ActiveCfg = Debug|Win32
		{C2A79853-5A06-4AB0-8C45-E989007900F2}.Debug|x86.Build.0 = Debug|Win32
		{C2A79853-5A06-4AB0-8C45-E989007900F2}.Release|x64.ActiveCfg = Release|x64
		{C2A79853-5A06-4AB0-8C45-E989007900F2}.Release|x64.Build.0 = Release|x64
		{C2A79853-5A06-4AB0-8C45-E989007900F2}.Release|x86.ActiveCfg = Release|Win32
		{C2A79853-5A06-4AB0-8C45-E989007900F2}.Release|x86.Build.0 = Release|Win32
		{057BE730-CF55-4FAB-AAE2-62B3A2A0AD29}.Debug|x64.ActiveCfg = Debug|x64
		{057BE730-CF55-4FAB-AAE2-62B3A2A0AD29}.Debug|x64.Build.0 = Debug|x64
		{057BE730-CF55-4FAB-AAE2-62B3A2A0AD29}.Debug|x86.ActiveCfg = Debug|Win32
		{057BE730-CF55-4FAB-AAE2-62B3A2A0AD29}.Debug|x86.Build.0 = Debug|Win32
		{057BE730-CF55-4FAB-AAE2-62B3A2A0AD29}.Release|x64.ActiveCfg = Release|x64
		{057BE730-CF55-4FAB-AAE2-62B3A2A0AD29}.Release|x64.Build.0 = Release|x64
		{057BE730-CF55-4FAB-AAE2-62B3A2A0AD29}.Release|x86.ActiveCfg = Release|Win32
		{057BE730-CF55-4FAB-AAE2-62B3A2A0AD29}.Release|x86.Build.0 = Release|Win32
		{3C428DC0-7A3B-46FF-A42F-75934321E03A}.Debug|x64.ActiveCfg = Debug|x64
		{3C428DC0-7A3B-46FF-A42F-75934321E03A}.Debug|x64.Build.0 = Debug|x64
		{3C428DC0-7A3B-46FF-A42F-75934321E03A}.Debug|x86.ActiveCfg = Debug|Win32
		{3C428DC0-7A3B-46FF-A42F-75934321E03A}.Debug|x86.Build.0 = Debug|Win32
		{3C428DC0-7A3B-46FF-A42F-75934321E03A}.Release|x64.ActiveCfg = Release|x64
		{3C428DC0-7A3B-46FF-A42F-75934321E03A}.Release|x64.Build.0 = Release|x64
		{3C428DC0-7A3B-46FF-A42F-75934321E03A}.Release|x86.ActiveCfg = Release|Win32
		{3C428DC0-7A3B-46FF-A42F-75934321E03A}.Release|x86.Build.0 = Release|Win32
		{2B12B6C4-F7E0-46D7-B77C-0816AE62005C}.Debug|x64.ActiveCfg = Debug|x64
		{2B12B6C4-F7E0-46D7-B77C-0816AE62005C}.Debug|x64.Build.0 = Debug|x64
		{2B12B6C4-F7E0-46D7-B77C-0816AE62005C}.Debug|x86.ActiveCfg = Debug|Win32
		{2B12B6C4-F7E0-46D7-B77C-0816AE62005C}.Debug|x86.Build.0 = Debug|Win32
		{2B12B6C4-F7E0-46D7-B77C-0816AE62005C}.Release|x64.ActiveCfg = Release|x64
		{2B12B6C4-F7E0-46D7-B77C-0816AE62005C}.Release|x64.Build.0 = Release|x64
		{2B12B6C4-F7E0-46D7-B77C-0816AE62005C}.Release|x86.ActiveCfg = Release|Win32
		{2B12B6C4-F7E0-46D7-B77C-0816AE62005C}.Release|x86.Build.0 = Release|Win32
		{EADD12A8-4FFA-4939-8785-057917AD83C4}.Debug|x64.ActiveCfg = Debug|x64
		{EADD12A8-4FFA-4939-8785-057917AD83C4}.Debug|x64.Build.0 = Debug|x64
		{EADD12A8-4FFA-4939-8785-057917AD83C4}.Debug|x86.ActiveCfg = Debug|Win32
		{EADD12A8-4FFA-4939-8785-057917AD83C4}.Debug|x86.Build.0 = Debug|Win32
		{EADD12A8-4FFA-4939-8785-057917AD83C4}.Release|x64.ActiveCfg = Release|x64
		{EADD12A8-4FFA-4939-8785-057917AD83C4}.Release|x64.Build.0 = Release|x64
		{EADD12A8-4FFA-4939-8785-057917AD83C4}.Release|x86.ActiveCfg = Release|Win32
		{EADD12A8-4FFA-4939-8785-057917AD83C4}.Release|x86.Build.0 = Release|Win32
		{7E38D700-0029-4B17-A893-8F8030EA6183}.Debug|x64.ActiveCfg = Debug|x64
		{7E38D700-0029-4B17-A893-8F8030EA6183}.Debug|x64.Build.0 = Debug|x64
		{7E38D700-0029-4B17-A893-8F8030EA6183}.Debug|x86.ActiveCfg = Debug|Win32
		{7E38D700-0029-4B17-A893-8F8030EA6183}.Debug|x86.Build.0 = Debug|Win32
		{7E38D700-0029-4B17-A893-8F8030EA6183}.Release|x64.ActiveCfg = Release|x64
		{7E38D700-0029-4B17-A893-8F8030EA6183}.Release|x64.Build.0 = Release|x64
		{7E38D700-0029-4B17-A893-8F8030EA6183}.Release|x86.ActiveCfg = Release|Win32
		{7E38D700-0029-4B17-A893-8F8030EA6183}.Release|x86.Build.0 = Release|Win32
		{C4B3A478-6319-4C10-A4AA-CB8CAD68517B}.Debug|x64.ActiveCfg = Debug|x64
		{C4B3A478-6319-4C10-A4AA-CB8CAD68517B}.Debug|x64.Build.0 = Debug|x64
		{C4B3A478-6319-4C10-A4AA-CB8CAD68517B}.Debug|x86.ActiveCfg = Debug|Win32
		{C4B3A478-6319-4C10-A4AA-CB8CAD68517B}.Debug|x86.Build.0 = Debug|Win32
		{C4B3A478-6319-4C10-A4AA-CB8CAD68517B}.Release|x64.ActiveCfg = Release|x64
		{C4B3A478-6319-4C10-A4AA-CB8CAD68517B}.Release|x64.Build.0 = Release|x64
		{C4B3A478-6319-4C10-A4AA-CB8CAD68517B}.Release|x86.ActiveCfg = Release|Win32
		{C4B3A478-6319-4C10-A4AA-CB8CAD68517B}.Release|x86.Build.0 = Release|Win32
		{CDE0B5E9-DF5B-417A-A1B8-B8FAC40CFC70}.Debug|x64.ActiveCfg = Debug|x64
		{CDE0B5E9-DF5B-417A-A1B8-B8FAC40CFC70}.Debug|x64.Build.0 = Debug|x64
		{CDE0B5E9-DF5B-417A-A1B8-B8FAC40CFC70}.Debug|x86.ActiveCfg = Debug|Win32
		{CDE0B5E9-DF5B-417A-A1B8-B8FAC40CFC70}.Debug|x86.Build.0 = Debug|Win32
		{CDE0B5E9-DF5B-417A-A1B8-B8FAC40CFC70}.Release|x64.ActiveCfg = Release|x64
		{CDE0B5E9-DF5B-417A-A1B8-B8FAC40CFC70}.Release|x64.Build.0 = Release|x64
		{CDE0B5E9-DF5B-417A-A1B8-B8FAC40CFC70}.Release|x86.ActiveCfg = Release|Win32
		{CDE0B5E9-DF5B-417A-A1B8-B8FAC40CFC70}.Release|x86.Build.0 = Release|Win32
		{79862494-9478-4CEB-BA01-CFCEC56DF4DC}.Debug|x64.ActiveCfg = Debug|x64
		{79862494-9478-4CEB-BA01-CFCEC56DF4DC}.Debug|x64.Build.0 = Debug|x64
		{79862494-9478-4CEB-BA01-CFCEC56DF4DC}.Debug|x86.ActiveCfg = Debug|Win32
		{79862494-9478-4CEB-BA01-CFCEC56DF4DC}.Debug|x86.Build.0 = Debug|Win32
		{79862494-9478-4CEB-BA01-CFCEC56DF4DC}.Release|x64.ActiveCfg = Release|x64
		{79862494-9478-4CEB-BA01-CFCEC56DF4DC}.Release|x64.Build.0 = Release|x64
		{79862494-9478-4CEB-BA01-CFCEC56DF4DC}.Release|x86.ActiveCfg = Release|Win32
		{79862494-9478-4CEB-BA01-CFCEC56DF4DC}.Release|x86.Build.0 = Release|Win32
	EndGlobalSection
	GlobalSection(SolutionProperties) = preSolution
		HideSolutionNode = FALSE
	EndGlobalSection
	GlobalSection(ExtensibilityGlobals) = postSolution
		SolutionGuid = {CEB9D5B5-B8BF-4BBF-BB5C-2BA818CE96D0}
	EndGlobalSection
EndGlobal
